
Microsoft Visual Studio Solution File, Format Version 12.00
# Visual Studio Version 17
VisualStudioVersion = 17.2.32630.192
MinimumVisualStudioVersion = 10.0.40219.1
Project("{2150E333-8FDC-42A3-9474-1A3956D46DE8}") = "Solution Files", "Solution Files", "{25B6B605-E891-478D-BE56-3D4A58CE4992}"
	ProjectSection(SolutionItems) = preProject
		Solution Files\Export EWL to Local Feed.bat = Solution Files\Export EWL to Local Feed.bat
		Solution Files\nuget.exe = Solution Files\nuget.exe
		Solution Files\stdLibDoxySettings.txt = Solution Files\stdLibDoxySettings.txt
		Solution Files\Update Dependent Logic.ps1 = Solution Files\Update Dependent Logic.ps1
	EndProjectSection
EndProject
Project("{9A19103F-16F7-4668-BE54-9A1E7A4F7556}") = "Core", "Core\Core.csproj", "{7EED5926-9FE0-44DB-9B5F-5A6856CE392E}"
EndProject
Project("{9A19103F-16F7-4668-BE54-9A1E7A4F7556}") = "Library", "Library\Library.csproj", "{3398B3A5-8445-410E-A69B-33EE3E914A03}"
EndProject
Project("{9A19103F-16F7-4668-BE54-9A1E7A4F7556}") = "Development Utility", "Development Utility\Development Utility.csproj", "{621E8A1E-19BC-4734-BBF5-D322312044A3}"
EndProject
Project("{9A19103F-16F7-4668-BE54-9A1E7A4F7556}") = "Website", "Website\Website.csproj", "{1FEF500E-B420-42D6-8702-D998CDF65C23}"
EndProject
Project("{9A19103F-16F7-4668-BE54-9A1E7A4F7556}") = "Tests", "Tests\Tests.csproj", "{69B7A268-9BC0-4416-8966-479BC35FFB39}"
EndProject
Project("{2150E333-8FDC-42A3-9474-1A3956D46DE8}") = "Providers", "Providers", "{B5CB99D1-18E2-43BD-A258-188345434139}"
EndProject
Project("{9A19103F-16F7-4668-BE54-9A1E7A4F7556}") = "MySQL", "Providers\MySQL\MySQL.csproj", "{B2F017E6-BB16-4003-9725-438B7F30423D}"
EndProject
Project("{9A19103F-16F7-4668-BE54-9A1E7A4F7556}") = "Oracle Database", "Providers\Oracle Database\Oracle Database.csproj", "{CF107307-3EC8-45A7-AD33-B36A22329E2C}"
EndProject
Project("{9A19103F-16F7-4668-BE54-9A1E7A4F7556}") = "OpenID Connect", "Providers\OpenID Connect\OpenID Connect.csproj", "{F1D58A30-E5B4-49E3-A22E-2E08ADBA6283}"
EndProject
Project("{9A19103F-16F7-4668-BE54-9A1E7A4F7556}") = "SAML", "Providers\SAML\SAML.csproj", "{6104041B-DB8D-4ED4-B2A3-DB4BA7135C09}"
EndProject
Global
	GlobalSection(SolutionConfigurationPlatforms) = preSolution
		Debug|Any CPU = Debug|Any CPU
		Release|Any CPU = Release|Any CPU
	EndGlobalSection
	GlobalSection(ProjectConfigurationPlatforms) = postSolution
		{7EED5926-9FE0-44DB-9B5F-5A6856CE392E}.Debug|Any CPU.ActiveCfg = Debug|Any CPU
		{7EED5926-9FE0-44DB-9B5F-5A6856CE392E}.Debug|Any CPU.Build.0 = Debug|Any CPU
		{7EED5926-9FE0-44DB-9B5F-5A6856CE392E}.Release|Any CPU.ActiveCfg = Release|Any CPU
		{7EED5926-9FE0-44DB-9B5F-5A6856CE392E}.Release|Any CPU.Build.0 = Release|Any CPU
		{3398B3A5-8445-410E-A69B-33EE3E914A03}.Debug|Any CPU.ActiveCfg = Debug|Any CPU
		{3398B3A5-8445-410E-A69B-33EE3E914A03}.Debug|Any CPU.Build.0 = Debug|Any CPU
		{3398B3A5-8445-410E-A69B-33EE3E914A03}.Release|Any CPU.ActiveCfg = Release|Any CPU
		{3398B3A5-8445-410E-A69B-33EE3E914A03}.Release|Any CPU.Build.0 = Release|Any CPU
		{621E8A1E-19BC-4734-BBF5-D322312044A3}.Debug|Any CPU.ActiveCfg = Debug|Any CPU
		{621E8A1E-19BC-4734-BBF5-D322312044A3}.Debug|Any CPU.Build.0 = Debug|Any CPU
		{621E8A1E-19BC-4734-BBF5-D322312044A3}.Release|Any CPU.ActiveCfg = Release|Any CPU
		{621E8A1E-19BC-4734-BBF5-D322312044A3}.Release|Any CPU.Build.0 = Release|Any CPU
		{1FEF500E-B420-42D6-8702-D998CDF65C23}.Debug|Any CPU.ActiveCfg = Debug|Any CPU
		{1FEF500E-B420-42D6-8702-D998CDF65C23}.Debug|Any CPU.Build.0 = Debug|Any CPU
		{1FEF500E-B420-42D6-8702-D998CDF65C23}.Release|Any CPU.ActiveCfg = Release|Any CPU
		{1FEF500E-B420-42D6-8702-D998CDF65C23}.Release|Any CPU.Build.0 = Release|Any CPU
		{69B7A268-9BC0-4416-8966-479BC35FFB39}.Debug|Any CPU.ActiveCfg = Debug|Any CPU
		{69B7A268-9BC0-4416-8966-479BC35FFB39}.Debug|Any CPU.Build.0 = Debug|Any CPU
		{69B7A268-9BC0-4416-8966-479BC35FFB39}.Release|Any CPU.ActiveCfg = Release|Any CPU
		{B2F017E6-BB16-4003-9725-438B7F30423D}.Debug|Any CPU.ActiveCfg = Debug|Any CPU
		{B2F017E6-BB16-4003-9725-438B7F30423D}.Debug|Any CPU.Build.0 = Debug|Any CPU
		{B2F017E6-BB16-4003-9725-438B7F30423D}.Release|Any CPU.ActiveCfg = Release|Any CPU
		{B2F017E6-BB16-4003-9725-438B7F30423D}.Release|Any CPU.Build.0 = Release|Any CPU
		{CF107307-3EC8-45A7-AD33-B36A22329E2C}.Debug|Any CPU.ActiveCfg = Debug|Any CPU
		{CF107307-3EC8-45A7-AD33-B36A22329E2C}.Debug|Any CPU.Build.0 = Debug|Any CPU
		{CF107307-3EC8-45A7-AD33-B36A22329E2C}.Release|Any CPU.ActiveCfg = Release|Any CPU
		{CF107307-3EC8-45A7-AD33-B36A22329E2C}.Release|Any CPU.Build.0 = Release|Any CPU
		{F1D58A30-E5B4-49E3-A22E-2E08ADBA6283}.Debug|Any CPU.ActiveCfg = Debug|Any CPU
		{F1D58A30-E5B4-49E3-A22E-2E08ADBA6283}.Debug|Any CPU.Build.0 = Debug|Any CPU
		{F1D58A30-E5B4-49E3-A22E-2E08ADBA6283}.Release|Any CPU.ActiveCfg = Release|Any CPU
		{F1D58A30-E5B4-49E3-A22E-2E08ADBA6283}.Release|Any CPU.Build.0 = Release|Any CPU
		{6104041B-DB8D-4ED4-B2A3-DB4BA7135C09}.Debug|Any CPU.ActiveCfg = Debug|Any CPU
		{6104041B-DB8D-4ED4-B2A3-DB4BA7135C09}.Debug|Any CPU.Build.0 = Debug|Any CPU
		{6104041B-DB8D-4ED4-B2A3-DB4BA7135C09}.Release|Any CPU.ActiveCfg = Release|Any CPU
		{6104041B-DB8D-4ED4-B2A3-DB4BA7135C09}.Release|Any CPU.Build.0 = Release|Any CPU
	EndGlobalSection
	GlobalSection(SolutionProperties) = preSolution
		HideSolutionNode = FALSE
	EndGlobalSection
	GlobalSection(NestedProjects) = preSolution
		{B2F017E6-BB16-4003-9725-438B7F30423D} = {B5CB99D1-18E2-43BD-A258-188345434139}
		{CF107307-3EC8-45A7-AD33-B36A22329E2C} = {B5CB99D1-18E2-43BD-A258-188345434139}
		{F1D58A30-E5B4-49E3-A22E-2E08ADBA6283} = {B5CB99D1-18E2-43BD-A258-188345434139}
		{6104041B-DB8D-4ED4-B2A3-DB4BA7135C09} = {B5CB99D1-18E2-43BD-A258-188345434139}
	EndGlobalSection
	GlobalSection(ExtensibilityGlobals) = postSolution
		SolutionGuid = {ABE9478E-BE34-422C-B0F1-F9D179ECB31D}
	EndGlobalSection
EndGlobal
